
Microsoft Visual Studio Solution File, Format Version 12.00
# Visual Studio Version 17
VisualStudioVersion = 17.8.34330.188
MinimumVisualStudioVersion = 10.0.40219.1
Project("{FAE04EC0-301F-11D3-BF4B-00C04F79EFBC}") = "1713_StockTakipProgramı", "1713_StockTakipProgramı\1713_StockTakipProgramı.csproj", "{38F799DD-BF0A-424E-84FF-2ACAEC0EFADA}"
EndProject
Global
	GlobalSection(SolutionConfigurationPlatforms) = preSolution
		Debug|Any CPU = Debug|Any CPU
		Release|Any CPU = Release|Any CPU
	EndGlobalSection
	GlobalSection(ProjectConfigurationPlatforms) = postSolution
		{38F799DD-BF0A-424E-84FF-2ACAEC0EFADA}.Debug|Any CPU.ActiveCfg = Debug|Any CPU
		{38F799DD-BF0A-424E-84FF-2ACAEC0EFADA}.Debug|Any CPU.Build.0 = Debug|Any CPU
		{38F799DD-BF0A-424E-84FF-2ACAEC0EFADA}.Release|Any CPU.ActiveCfg = Release|Any CPU
		{38F799DD-BF0A-424E-84FF-2ACAEC0EFADA}.Release|Any CPU.Build.0 = Release|Any CPU
	EndGlobalSection
	GlobalSection(SolutionProperties) = preSolution
		HideSolutionNode = FALSE
	EndGlobalSection
	GlobalSection(ExtensibilityGlobals) = postSolution
		SolutionGuid = {F93E82E3-44EC-4A4C-892D-89B098AA97AE}
	EndGlobalSection
EndGlobal
